{
  "name": "gamemode",
  "lockfileVersion": 2,
  "requires": true,
  "packages": {
    "": {
      "devDependencies": {
        "@types/ragemp-c": "https://github.com/CocaColaBear/types-ragemp-c/tarball/master"
      }
    },
    "node_modules/@types/ragemp-c": {
      "version": "0.0.21",
      "resolved": "https://github.com/CocaColaBear/types-ragemp-c/tarball/master",
      "integrity": "sha512-b4siPQ7XmJp8jl8ZCSZ+HWn4POh7XZNgudg5etMIT3hEWMULEKRJJq/Pr6/3aSEDmFpBkyCDTpaSeT1hRUw2Kg==",
      "dev": true,
      "license": "MIT"
    }
  },
  "dependencies": {
    "@types/ragemp-c": {
      "version": "https://github.com/CocaColaBear/types-ragemp-c/tarball/master",
      "integrity": "sha512-b4siPQ7XmJp8jl8ZCSZ+HWn4POh7XZNgudg5etMIT3hEWMULEKRJJq/Pr6/3aSEDmFpBkyCDTpaSeT1hRUw2Kg==",
      "dev": true
    }
  }
}
