{
  "name": "client_packages",
  "lockfileVersion": 2,
  "requires": true,
  "packages": {
    "": {
      "devDependencies": {
        "@types/node": "^18.0.3",
        "@types/ragemp-c": "github:CocaColaBear/types-ragemp-c#master"
      }
    },
    "node_modules/@types/node": {
      "version": "18.0.3",
      "resolved": "https://registry.npmjs.org/@types/node/-/node-18.0.3.tgz",
      "integrity": "sha512-HzNRZtp4eepNitP+BD6k2L6DROIDG4Q0fm4x+dwfsr6LGmROENnok75VGw40628xf+iR24WeMFcHuuBDUAzzsQ==",
      "dev": true
    },
    "node_modules/@types/ragemp-c": {
      "version": "0.0.21",
      "resolved": "git+ssh://git@github.com/CocaColaBear/types-ragemp-c.git#4d479b990ee93b74072dd74e50ad104de6039641",
      "dev": true,
      "license": "MIT"
    }
  },
  "dependencies": {
    "@types/node": {
      "version": "18.0.3",
      "resolved": "https://registry.npmjs.org/@types/node/-/node-18.0.3.tgz",
      "integrity": "sha512-HzNRZtp4eepNitP+BD6k2L6DROIDG4Q0fm4x+dwfsr6LGmROENnok75VGw40628xf+iR24WeMFcHuuBDUAzzsQ==",
      "dev": true
    },
    "@types/ragemp-c": {
      "version": "git+ssh://git@github.com/CocaColaBear/types-ragemp-c.git#4d479b990ee93b74072dd74e50ad104de6039641",
      "dev": true,
      "from": "@types/ragemp-c@github:CocaColaBear/types-ragemp-c#master"
    }
  }
}
