
Microsoft Visual Studio Solution File, Format Version 12.00
Project("{FAE04EC0-301F-11D3-BF4B-00C04F79EFBC}") = "RpGamemode", "RpGamemode.csproj", "{799B4079-522D-49F5-B4CC-4A70931F802E}"
EndProject
Project("{FAE04EC0-301F-11D3-BF4B-00C04F79EFBC}") = "ClientSide", "..\..\..\client_packages\cs_packages\ClientSide.csproj", "{E8C4731C-55DC-4A24-93FA-7769340079C1}"
EndProject
Global
	GlobalSection(SolutionConfigurationPlatforms) = preSolution
		Debug|Any CPU = Debug|Any CPU
		Release|Any CPU = Release|Any CPU
	EndGlobalSection
	GlobalSection(ProjectConfigurationPlatforms) = postSolution
		{799B4079-522D-49F5-B4CC-4A70931F802E}.Debug|Any CPU.ActiveCfg = Debug|Any CPU
		{799B4079-522D-49F5-B4CC-4A70931F802E}.Debug|Any CPU.Build.0 = Debug|Any CPU
		{799B4079-522D-49F5-B4CC-4A70931F802E}.Release|Any CPU.ActiveCfg = Release|Any CPU
		{799B4079-522D-49F5-B4CC-4A70931F802E}.Release|Any CPU.Build.0 = Release|Any CPU
		{E8C4731C-55DC-4A24-93FA-7769340079C1}.Debug|Any CPU.ActiveCfg = Debug|Any CPU
		{E8C4731C-55DC-4A24-93FA-7769340079C1}.Debug|Any CPU.Build.0 = Debug|Any CPU
		{E8C4731C-55DC-4A24-93FA-7769340079C1}.Release|Any CPU.ActiveCfg = Release|Any CPU
		{E8C4731C-55DC-4A24-93FA-7769340079C1}.Release|Any CPU.Build.0 = Release|Any CPU
	EndGlobalSection
EndGlobal
